
Microsoft Visual Studio Solution File, Format Version 12.00
# Visual Studio Version 17
VisualStudioVersion = 17.3.32825.248
MinimumVisualStudioVersion = 10.0.40219.1
Project("{FAE04EC0-301F-11D3-BF4B-00C04F79EFBC}") = "Week3", "Week3\Week3.csproj", "{35A4EF16-B32A-45A1-9660-FA9DA1C31039}"
EndProject
Project("{FAE04EC0-301F-11D3-BF4B-00C04F79EFBC}") = "OddOrEven", "OddOrEven\OddOrEven.csproj", "{C5C9A295-4714-4C4F-B0B9-D426F8DC7C67}"
EndProject
Project("{FAE04EC0-301F-11D3-BF4B-00C04F79EFBC}") = "IfDayOfTheWeek", "IfDayOfTheWeek\IfDayOfTheWeek.csproj", "{9A12906C-EF98-4A9B-879D-8827AE10423D}"
EndProject
Project("{FAE04EC0-301F-11D3-BF4B-00C04F79EFBC}") = "SwitchDayOfTheWeek", "SwitchDayOfTheWeek\SwitchDayOfTheWeek.csproj", "{923AE3DC-ABEF-4956-A781-1C0B641D1377}"
EndProject
Global
	GlobalSection(SolutionConfigurationPlatforms) = preSolution
		Debug|Any CPU = Debug|Any CPU
		Release|Any CPU = Release|Any CPU
	EndGlobalSection
	GlobalSection(ProjectConfigurationPlatforms) = postSolution
		{35A4EF16-B32A-45A1-9660-FA9DA1C31039}.Debug|Any CPU.ActiveCfg = Debug|Any CPU
		{35A4EF16-B32A-45A1-9660-FA9DA1C31039}.Debug|Any CPU.Build.0 = Debug|Any CPU
		{35A4EF16-B32A-45A1-9660-FA9DA1C31039}.Release|Any CPU.ActiveCfg = Release|Any CPU
		{35A4EF16-B32A-45A1-9660-FA9DA1C31039}.Release|Any CPU.Build.0 = Release|Any CPU
		{C5C9A295-4714-4C4F-B0B9-D426F8DC7C67}.Debug|Any CPU.ActiveCfg = Debug|Any CPU
		{C5C9A295-4714-4C4F-B0B9-D426F8DC7C67}.Debug|Any CPU.Build.0 = Debug|Any CPU
		{C5C9A295-4714-4C4F-B0B9-D426F8DC7C67}.Release|Any CPU.ActiveCfg = Release|Any CPU
		{C5C9A295-4714-4C4F-B0B9-D426F8DC7C67}.Release|Any CPU.Build.0 = Release|Any CPU
		{9A12906C-EF98-4A9B-879D-8827AE10423D}.Debug|Any CPU.ActiveCfg = Debug|Any CPU
		{9A12906C-EF98-4A9B-879D-8827AE10423D}.Debug|Any CPU.Build.0 = Debug|Any CPU
		{9A12906C-EF98-4A9B-879D-8827AE10423D}.Release|Any CPU.ActiveCfg = Release|Any CPU
		{9A12906C-EF98-4A9B-879D-8827AE10423D}.Release|Any CPU.Build.0 = Release|Any CPU
		{923AE3DC-ABEF-4956-A781-1C0B641D1377}.Debug|Any CPU.ActiveCfg = Debug|Any CPU
		{923AE3DC-ABEF-4956-A781-1C0B641D1377}.Debug|Any CPU.Build.0 = Debug|Any CPU
		{923AE3DC-ABEF-4956-A781-1C0B641D1377}.Release|Any CPU.ActiveCfg = Release|Any CPU
		{923AE3DC-ABEF-4956-A781-1C0B641D1377}.Release|Any CPU.Build.0 = Release|Any CPU
	EndGlobalSection
	GlobalSection(SolutionProperties) = preSolution
		HideSolutionNode = FALSE
	EndGlobalSection
	GlobalSection(ExtensibilityGlobals) = postSolution
		SolutionGuid = {ACB618F5-24DD-48F6-A486-038AAC9F2298}
	EndGlobalSection
EndGlobal
